
Microsoft Visual Studio Solution File, Format Version 12.00
# Visual Studio Version 17
VisualStudioVersion = 17.10.35013.160
MinimumVisualStudioVersion = 10.0.40219.1
Project("{FAE04EC0-301F-11D3-BF4B-00C04F79EFBC}") = "Blog.Server", "Blog.Server\Blog.Server.csproj", "{9EE60166-1402-4852-840B-CC77473FD9EC}"
EndProject
Project("{54A90642-561A-4BB1-A94E-469ADEE60C69}") = "blog.client", "blog.client\blog.client.esproj", "{4FD551D1-AB44-4338-B956-666C0D383F3B}"
EndProject
Global
	GlobalSection(SolutionConfigurationPlatforms) = preSolution
		Debug|Any CPU = Debug|Any CPU
		Release|Any CPU = Release|Any CPU
	EndGlobalSection
	GlobalSection(ProjectConfigurationPlatforms) = postSolution
		{9EE60166-1402-4852-840B-CC77473FD9EC}.Debug|Any CPU.ActiveCfg = Debug|Any CPU
		{9EE60166-1402-4852-840B-CC77473FD9EC}.Debug|Any CPU.Build.0 = Debug|Any CPU
		{9EE60166-1402-4852-840B-CC77473FD9EC}.Release|Any CPU.ActiveCfg = Release|Any CPU
		{9EE60166-1402-4852-840B-CC77473FD9EC}.Release|Any CPU.Build.0 = Release|Any CPU
		{4FD551D1-AB44-4338-B956-666C0D383F3B}.Debug|Any CPU.ActiveCfg = Debug|Any CPU
		{4FD551D1-AB44-4338-B956-666C0D383F3B}.Debug|Any CPU.Build.0 = Debug|Any CPU
		{4FD551D1-AB44-4338-B956-666C0D383F3B}.Debug|Any CPU.Deploy.0 = Debug|Any CPU
		{4FD551D1-AB44-4338-B956-666C0D383F3B}.Release|Any CPU.ActiveCfg = Release|Any CPU
		{4FD551D1-AB44-4338-B956-666C0D383F3B}.Release|Any CPU.Build.0 = Release|Any CPU
		{4FD551D1-AB44-4338-B956-666C0D383F3B}.Release|Any CPU.Deploy.0 = Release|Any CPU
	EndGlobalSection
	GlobalSection(SolutionProperties) = preSolution
		HideSolutionNode = FALSE
	EndGlobalSection
	GlobalSection(ExtensibilityGlobals) = postSolution
		SolutionGuid = {1001A287-D0E8-4C99-B6B8-2D4C04624344}
	EndGlobalSection
EndGlobal
